{
  "name": "mindful-harmony",
  "version": "1.0.0",
  "lockfileVersion": 3,
  "requires": true,
  "packages": {
    "": {
      "name": "mindful-harmony",
      "version": "1.0.0",
      "hasInstallScript": true,
      "engines": {
        "node": "18.x",
        "python": "3.9.x"
      }
    }
  }
}
